
Microsoft Visual Studio Solution File, Format Version 12.00
# Visual Studio Version 16
VisualStudioVersion = 16.0.31019.35
MinimumVisualStudioVersion = 10.0.40219.1
Project("{FAE04EC0-301F-11D3-BF4B-00C04F79EFBC}") = "Tutorial", "Tutorial\Tutorial.csproj", "{EBA12765-320B-4DB2-8E62-8271B58FDA78}"
EndProject
Global
	GlobalSection(SolutionConfigurationPlatforms) = preSolution
		Debug|Any CPU = Debug|Any CPU
		Release|Any CPU = Release|Any CPU
	EndGlobalSection
	GlobalSection(ProjectConfigurationPlatforms) = postSolution
		{EBA12765-320B-4DB2-8E62-8271B58FDA78}.Debug|Any CPU.ActiveCfg = Debug|Any CPU
		{EBA12765-320B-4DB2-8E62-8271B58FDA78}.Debug|Any CPU.Build.0 = Debug|Any CPU
		{EBA12765-320B-4DB2-8E62-8271B58FDA78}.Release|Any CPU.ActiveCfg = Release|Any CPU
		{EBA12765-320B-4DB2-8E62-8271B58FDA78}.Release|Any CPU.Build.0 = Release|Any CPU
	EndGlobalSection
	GlobalSection(SolutionProperties) = preSolution
		HideSolutionNode = FALSE
	EndGlobalSection
	GlobalSection(ExtensibilityGlobals) = postSolution
		SolutionGuid = {6AB9820A-AD8B-48BC-B84B-F51B596CF09C}
	EndGlobalSection
EndGlobal
